
Microsoft Visual Studio Solution File, Format Version 12.00
Project("{FAE04EC0-301F-11D3-BF4B-00C04F79EFBC}") = "EJ.NetPDF", "EJ.NetPDF\EJ.NetPDF.csproj", "{8B32C5E2-E560-47A9-9F90-E6E318B7BFE2}"
EndProject
Project("{FAE04EC0-301F-11D3-BF4B-00C04F79EFBC}") = "EJ.NetPDF.API", "EJ.NetPDF.API\EJ.NetPDF.API.csproj", "{546ECFA8-DCBC-4292-AC38-80AC1839A6E0}"
EndProject
Global
	GlobalSection(SolutionConfigurationPlatforms) = preSolution
		Debug|Any CPU = Debug|Any CPU
		Release|Any CPU = Release|Any CPU
	EndGlobalSection
	GlobalSection(ProjectConfigurationPlatforms) = postSolution
		{8B32C5E2-E560-47A9-9F90-E6E318B7BFE2}.Debug|Any CPU.ActiveCfg = Debug|Any CPU
		{8B32C5E2-E560-47A9-9F90-E6E318B7BFE2}.Debug|Any CPU.Build.0 = Debug|Any CPU
		{8B32C5E2-E560-47A9-9F90-E6E318B7BFE2}.Release|Any CPU.ActiveCfg = Release|Any CPU
		{8B32C5E2-E560-47A9-9F90-E6E318B7BFE2}.Release|Any CPU.Build.0 = Release|Any CPU
		{546ECFA8-DCBC-4292-AC38-80AC1839A6E0}.Debug|Any CPU.ActiveCfg = Debug|Any CPU
		{546ECFA8-DCBC-4292-AC38-80AC1839A6E0}.Debug|Any CPU.Build.0 = Debug|Any CPU
		{546ECFA8-DCBC-4292-AC38-80AC1839A6E0}.Release|Any CPU.ActiveCfg = Release|Any CPU
		{546ECFA8-DCBC-4292-AC38-80AC1839A6E0}.Release|Any CPU.Build.0 = Release|Any CPU
	EndGlobalSection
EndGlobal
